{
  "name": "@adarshguptadev/create-express-backend",
  "version": "1.0.3",
  "lockfileVersion": 3,
  "requires": true,
  "packages": {
    "": {
      "name": "@adarshguptadev/create-express-backend",
      "version": "1.0.3",
      "license": "MIT",
      "bin": {
        "create-express-backend": "bin/index.js"
      },
      "engines": {
        "node": ">=14"
      }
    }
  }
}
